lockfileVersion: '9.0'

settings:
  autoInstallPeers: true
  excludeLinksFromLockfile: false

importers:

  .:
    dependencies:
      '@astrojs/sitemap':
        specifier: 3.7.3
        version: 3.7.3
      '@tailwindcss/vite':
        specifier: 4.3.3
        version: 4.3.3
      astro:
        specifier: 7.2.6
        version: 7.2.6
      tailwindcss:
        specifier: 4.3.3
        version: 4.3.3
    devDependencies:
      '@astrojs/check':
        specifier: 0.9.10
        version: 0.9.10(typescript@5.9.3)
      typescript:
        specifier: 5.9.3
        version: 5.9.3
      wrangler:
        specifier: 4.125.0
        version: 4.125.0
